// !$*UTF8*$!
{
	archiveVersion = 1;
	classes = {
	};
	objectVersion = 56;
	objects = {

/* Begin PBXBuildFile section */
		732482C42AC4AC1100A0F6DD /* HeroApp.swift in Sources */ = {isa = PBXBuildFile; fileRef = 732482C32AC4AC1100A0F6DD /* HeroApp.swift */; };
		732482C62AC4AC1100A0F6DD /* ContentView.swift in Sources */ = {isa = PBXBuildFile; fileRef = 732482C52AC4AC1100A0F6DD /* ContentView.swift */; };
		732482C82AC4AC1200A0F6DD /* Assets.xcassets in Resources */ = {isa = PBXBuildFile; fileRef = 732482C72AC4AC1200A0F6DD /* Assets.xcassets */; };
		732482CB2AC4AC1200A0F6DD /* Preview Assets.xcassets in Resources */ = {isa = PBXBuildFile; fileRef = 732482CA2AC4AC1200A0F6DD /* Preview Assets.xcassets */; };
		732482D32AC4ACD900A0F6DD /* RiveRuntime in Frameworks */ = {isa = PBXBuildFile; productRef = 732482D22AC4ACD900A0F6DD /* RiveRuntime */; };
		732482D52AC4AD2700A0F6DD /* hero.riv in Resources */ = {isa = PBXBuildFile; fileRef = 732482D42AC4AD2700A0F6DD /* hero.riv */; };
		732482D72AC4AEF500A0F6DD /* GalaxyOfStars.swift in Sources */ = {isa = PBXBuildFile; fileRef = 732482D62AC4AEF500A0F6DD /* GalaxyOfStars.swift */; };
		732482D92AC4AF2700A0F6DD /* SparklingStar.swift in Sources */ = {isa = PBXBuildFile; fileRef = 732482D82AC4AF2700A0F6DD /* SparklingStar.swift */; };
/* End PBXBuildFile section */

/* Begin PBXFileReference section */
		732482C02AC4AC1100A0F6DD /* Hero.app */ = {isa = PBXFileReference; explicitFileType = wrapper.application; includeInIndex = 0; path = Hero.app; sourceTree = BUILT_PRODUCTS_DIR; };
		732482C32AC4AC1100A0F6DD /* HeroApp.swift */ = {isa = PBXFileReference; lastKnownFileType = sourcecode.swift; path = HeroApp.swift; sourceTree = "<group>"; };
		732482C52AC4AC1100A0F6DD /* ContentView.swift */ = {isa = PBXFileReference; lastKnownFileType = sourcecode.swift; path = ContentView.swift; sourceTree = "<group>"; };
		732482C72AC4AC1200A0F6DD /* Assets.xcassets */ = {isa = PBXFileReference; lastKnownFileType = folder.assetcatalog; path = Assets.xcassets; sourceTree = "<group>"; };
		732482CA2AC4AC1200A0F6DD /* Preview Assets.xcassets */ = {isa = PBXFileReference; lastKnownFileType = folder.assetcatalog; path = "Preview Assets.xcassets"; sourceTree = "<group>"; };
		732482D42AC4AD2700A0F6DD /* hero.riv */ = {isa = PBXFileReference; lastKnownFileType = file; path = hero.riv; sourceTree = "<group>"; };
		732482D62AC4AEF500A0F6DD /* GalaxyOfStars.swift */ = {isa = PBXFileReference; lastKnownFileType = sourcecode.swift; path = GalaxyOfStars.swift; sourceTree = "<group>"; };
		732482D82AC4AF2700A0F6DD /* SparklingStar.swift */ = {isa = PBXFileReference; lastKnownFileType = sourcecode.swift; path = SparklingStar.swift; sourceTree = "<group>"; };
/* End PBXFileReference section */

/* Begin PBXFrameworksBuildPhase section */
		732482BD2AC4AC1000A0F6DD /* Frameworks */ = {
			isa = PBXFrameworksBuildPhase;
			buildActionMask = 2147483647;
			files = (
				732482D32AC4ACD900A0F6DD /* RiveRuntime in Frameworks */,
			);
			runOnlyForDeploymentPostprocessing = 0;
		};
/* End PBXFrameworksBuildPhase section */

/* Begin PBXGroup section */
		732482B72AC4AC1000A0F6DD = {
			isa = PBXGroup;
			children = (
				732482C22AC4AC1100A0F6DD /* Hero */,
				732482C12AC4AC1100A0F6DD /* Products */,
			);
			sourceTree = "<group>";
		};
		732482C12AC4AC1100A0F6DD /* Products */ = {
			isa = PBXGroup;
			children = (
				732482C02AC4AC1100A0F6DD /* Hero.app */,
			);
			name = Products;
			sourceTree = "<group>";
		};
		732482C22AC4AC1100A0F6DD /* Hero */ = {
			isa = PBXGroup;
			children = (
				732482C32AC4AC1100A0F6DD /* HeroApp.swift */,
				732482C52AC4AC1100A0F6DD /* ContentView.swift */,
				732482D62AC4AEF500A0F6DD /* GalaxyOfStars.swift */,
				732482D82AC4AF2700A0F6DD /* SparklingStar.swift */,
				732482C72AC4AC1200A0F6DD /* Assets.xcassets */,
				732482D42AC4AD2700A0F6DD /* hero.riv */,
				732482C92AC4AC1200A0F6DD /* Preview Content */,
			);
			path = Hero;
			sourceTree = "<group>";
		};
		732482C92AC4AC1200A0F6DD /* Preview Content */ = {
			isa = PBXGroup;
			children = (
				732482CA2AC4AC1200A0F6DD /* Preview Assets.xcassets */,
			);
			path = "Preview Content";
			sourceTree = "<group>";
		};
/* End PBXGroup section */

/* Begin PBXNativeTarget section */
		732482BF2AC4AC1000A0F6DD /* Hero */ = {
			isa = PBXNativeTarget;
			buildConfigurationList = 732482CE2AC4AC1200A0F6DD /* Build configuration list for PBXNativeTarget "Hero" */;
			buildPhases = (
				732482BC2AC4AC1000A0F6DD /* Sources */,
				732482BD2AC4AC1000A0F6DD /* Frameworks */,
				732482BE2AC4AC1000A0F6DD /* Resources */,
			);
			buildRules = (
			);
			dependencies = (
			);
			name = Hero;
			packageProductDependencies = (
				732482D22AC4ACD900A0F6DD /* RiveRuntime */,
			);
			productName = Hero;
			productReference = 732482C02AC4AC1100A0F6DD /* Hero.app */;
			productType = "com.apple.product-type.application";
		};
/* End PBXNativeTarget section */

/* Begin PBXProject section */
		732482B82AC4AC1000A0F6DD /* Project object */ = {
			isa = PBXProject;
			attributes = {
				BuildIndependentTargetsInParallel = 1;
				LastSwiftUpdateCheck = 1430;
				LastUpgradeCheck = 1430;
				TargetAttributes = {
					732482BF2AC4AC1000A0F6DD = {
						CreatedOnToolsVersion = 14.3.1;
					};
				};
			};
			buildConfigurationList = 732482BB2AC4AC1000A0F6DD /* Build configuration list for PBXProject "Hero" */;
			compatibilityVersion = "Xcode 14.0";
			developmentRegion = en;
			hasScannedForEncodings = 0;
			knownRegions = (
				en,
				Base,
			);
			mainGroup = 732482B72AC4AC1000A0F6DD;
			packageReferences = (
				732482D12AC4ACD900A0F6DD /* XCRemoteSwiftPackageReference "rive-ios" */,
			);
			productRefGroup = 732482C12AC4AC1100A0F6DD /* Products */;
			projectDirPath = "";
			projectRoot = "";
			targets = (
				732482BF2AC4AC1000A0F6DD /* Hero */,
			);
		};
/* End PBXProject section */

/* Begin PBXResourcesBuildPhase section */
		732482BE2AC4AC1000A0F6DD /* Resources */ = {
			isa = PBXResourcesBuildPhase;
			buildActionMask = 2147483647;
			files = (
				732482CB2AC4AC1200A0F6DD /* Preview Assets.xcassets in Resources */,
				732482D52AC4AD2700A0F6DD /* hero.riv in Resources */,
				732482C82AC4AC1200A0F6DD /* Assets.xcassets in Resources */,
			);
			runOnlyForDeploymentPostprocessing = 0;
		};
/* End PBXResourcesBuildPhase section */

/* Begin PBXSourcesBuildPhase section */
		732482BC2AC4AC1000A0F6DD /* Sources */ = {
			isa = PBXSourcesBuildPhase;
			buildActionMask = 2147483647;
			files = (
				732482D72AC4AEF500A0F6DD /* GalaxyOfStars.swift in Sources */,
				732482C62AC4AC1100A0F6DD /* ContentView.swift in Sources */,
				732482C42AC4AC1100A0F6DD /* HeroApp.swift in Sources */,
				732482D92AC4AF2700A0F6DD /* SparklingStar.swift in Sources */,
			);
			runOnlyForDeploymentPostprocessing = 0;
		};
/* End PBXSourcesBuildPhase section */

/* Begin XCBuildConfiguration section */
		732482CC2AC4AC1200A0F6DD /* Debug */ = {
			isa = XCBuildConfiguration;
			buildSettings = {
				ALWAYS_SEARCH_USER_PATHS = NO;
				CLANG_ANALYZER_NONNULL = YES;
				CLANG_ANALYZER_NUMBER_OBJECT_CONVERSION = YES_AGGRESSIVE;
				CLANG_CXX_LANGUAGE_STANDARD = "gnu++20";
				CLANG_ENABLE_MODULES = YES;
				CLANG_ENABLE_OBJC_ARC = YES;
				CLANG_ENABLE_OBJC_WEAK = YES;
				CLANG_WARN_BLOCK_CAPTURE_AUTORELEASING = YES;
				CLANG_WARN_BOOL_CONVERSION = YES;
				CLANG_WARN_COMMA = YES;
				CLANG_WARN_CONSTANT_CONVERSION = YES;
				CLANG_WARN_DEPRECATED_OBJC_IMPLEMENTATIONS = YES;
				CLANG_WARN_DIRECT_OBJC_ISA_USAGE = YES_ERROR;
				CLANG_WARN_DOCUMENTATION_COMMENTS = YES;
				CLANG_WARN_EMPTY_BODY = YES;
				CLANG_WARN_ENUM_CONVERSION = YES;
				CLANG_WARN_INFINITE_RECURSION = YES;
				CLANG_WARN_INT_CONVERSION = YES;
				CLANG_WARN_NON_LITERAL_NULL_CONVERSION = YES;
				CLANG_WARN_OBJC_IMPLICIT_RETAIN_SELF = YES;
				CLANG_WARN_OBJC_LITERAL_CONVERSION = YES;
				CLANG_WARN_OBJC_ROOT_CLASS = YES_ERROR;
				CLANG_WARN_QUOTED_INCLUDE_IN_FRAMEWORK_HEADER = YES;
				CLANG_WARN_RANGE_LOOP_ANALYSIS = YES;
				CLANG_WARN_STRICT_PROTOTYPES = YES;
				CLANG_WARN_SUSPICIOUS_MOVE = YES;
				CLANG_WARN_UNGUARDED_AVAILABILITY = YES_AGGRESSIVE;
				CLANG_WARN_UNREACHABLE_CODE = YES;
				CLANG_WARN__DUPLICATE_METHOD_MATCH = YES;
				COPY_PHASE_STRIP = NO;
				DEBUG_INFORMATION_FORMAT = dwarf;
				ENABLE_STRICT_OBJC_MSGSEND = YES;
				ENABLE_TESTABILITY = YES;
				GCC_C_LANGUAGE_STANDARD = gnu11;
				GCC_DYNAMIC_NO_PIC = NO;
				GCC_NO_COMMON_BLOCKS = YES;
				GCC_OPTIMIZATION_LEVEL = 0;
				GCC_PREPROCESSOR_DEFINITIONS = (
					"DEBUG=1",
					"$(inherited)",
				);
				GCC_WARN_64_TO_32_BIT_CONVERSION = YES;
				GCC_WARN_ABOUT_RETURN_TYPE = YES_ERROR;
				GCC_WARN_UNDECLARED_SELECTOR = YES;
				GCC_WARN_UNINITIALIZED_AUTOS = YES_AGGRESSIVE;
				GCC_WARN_UNUSED_FUNCTION = YES;
				GCC_WARN_UNUSED_VARIABLE = YES;
				IPHONEOS_DEPLOYMENT_TARGET = 16.4;
				MTL_ENABLE_DEBUG_INFO = INCLUDE_SOURCE;
				MTL_FAST_MATH = YES;
				ONLY_ACTIVE_ARCH = YES;
				SDKROOT = iphoneos;
				SWIFT_ACTIVE_COMPILATION_CONDITIONS = DEBUG;
				SWIFT_OPTIMIZATION_LEVEL = "-Onone";
			};
			name = Debug;
		};
		732482CD2AC4AC1200A0F6DD /* Release */ = {
			isa = XCBuildConfiguration;
			buildSettings = {
				ALWAYS_SEARCH_USER_PATHS = NO;
				CLANG_ANALYZER_NONNULL = YES;
				CLANG_ANALYZER_NUMBER_OBJECT_CONVERSION = YES_AGGRESSIVE;
				CLANG_CXX_LANGUAGE_STANDARD = "gnu++20";
				CLANG_ENABLE_MODULES = YES;
				CLANG_ENABLE_OBJC_ARC = YES;
				CLANG_ENABLE_OBJC_WEAK = YES;
				CLANG_WARN_BLOCK_CAPTURE_AUTORELEASING = YES;
				CLANG_WARN_BOOL_CONVERSION = YES;
				CLANG_WARN_COMMA = YES;
				CLANG_WARN_CONSTANT_CONVERSION = YES;
				CLANG_WARN_DEPRECATED_OBJC_IMPLEMENTATIONS = YES;
				CLANG_WARN_DIRECT_OBJC_ISA_USAGE = YES_ERROR;
				CLANG_WARN_DOCUMENTATION_COMMENTS = YES;
				CLANG_WARN_EMPTY_BODY = YES;
				CLANG_WARN_ENUM_CONVERSION = YES;
				CLANG_WARN_INFINITE_RECURSION = YES;
				CLANG_WARN_INT_CONVERSION = YES;
				CLANG_WARN_NON_LITERAL_NULL_CONVERSION = YES;
				CLANG_WARN_OBJC_IMPLICIT_RETAIN_SELF = YES;
				CLANG_WARN_OBJC_LITERAL_CONVERSION = YES;
				CLANG_WARN_OBJC_ROOT_CLASS = YES_ERROR;
				CLANG_WARN_QUOTED_INCLUDE_IN_FRAMEWORK_HEADER = YES;
				CLANG_WARN_RANGE_LOOP_ANALYSIS = YES;
				CLANG_WARN_STRICT_PROTOTYPES = YES;
				CLANG_WARN_SUSPICIOUS_MOVE = YES;
				CLANG_WARN_UNGUARDED_AVAILABILITY = YES_AGGRESSIVE;
				CLANG_WARN_UNREACHABLE_CODE = YES;
				CLANG_WARN__DUPLICATE_METHOD_MATCH = YES;
				COPY_PHASE_STRIP = NO;
				DEBUG_INFORMATION_FORMAT = "dwarf-with-dsym";
				ENABLE_NS_ASSERTIONS = NO;
				ENABLE_STRICT_OBJC_MSGSEND = YES;
				GCC_C_LANGUAGE_STANDARD = gnu11;
				GCC_NO_COMMON_BLOCKS = YES;
				GCC_WARN_64_TO_32_BIT_CONVERSION = YES;
				GCC_WARN_ABOUT_RETURN_TYPE = YES_ERROR;
				GCC_WARN_UNDECLARED_SELECTOR = YES;
				GCC_WARN_UNINITIALIZED_AUTOS = YES_AGGRESSIVE;
				GCC_WARN_UNUSED_FUNCTION = YES;
				GCC_WARN_UNUSED_VARIABLE = YES;
				IPHONEOS_DEPLOYMENT_TARGET = 16.4;
				MTL_ENABLE_DEBUG_INFO = NO;
				MTL_FAST_MATH = YES;
				SDKROOT = iphoneos;
				SWIFT_COMPILATION_MODE = wholemodule;
				SWIFT_OPTIMIZATION_LEVEL = "-O";
				VALIDATE_PRODUCT = YES;
			};
			name = Release;
		};
		732482CF2AC4AC1200A0F6DD /* Debug */ = {
			isa = XCBuildConfiguration;
			buildSettings = {
				ASSETCATALOG_COMPILER_APPICON_NAME = AppIcon;
				ASSETCATALOG_COMPILER_GLOBAL_ACCENT_COLOR_NAME = AccentColor;
				CODE_SIGN_STYLE = Automatic;
				CURRENT_PROJECT_VERSION = 1;
				DEVELOPMENT_ASSET_PATHS = "\"Hero/Preview Content\"";
				ENABLE_PREVIEWS = YES;
				GENERATE_INFOPLIST_FILE = YES;
				INFOPLIST_KEY_UIApplicationSceneManifest_Generation = YES;
				INFOPLIST_KEY_UIApplicationSupportsIndirectInputEvents = YES;
				INFOPLIST_KEY_UILaunchScreen_Generation = YES;
				INFOPLIST_KEY_UISupportedInterfaceOrientations_iPad = "UIInterfaceOrientationPortrait UIInterfaceOrientationPortraitUpsideDown UIInterfaceOrientationLandscapeLeft UIInterfaceOrientationLandscapeRight";
				INFOPLIST_KEY_UISupportedInterfaceOrientations_iPhone = "UIInterfaceOrientationPortrait UIInterfaceOrientationLandscapeLeft UIInterfaceOrientationLandscapeRight";
				LD_RUNPATH_SEARCH_PATHS = (
					"$(inherited)",
					"@executable_path/Frameworks",
				);
				MARKETING_VERSION = 1.0;
				PRODUCT_BUNDLE_IDENTIFIER = io.yusufcansglm.Hero;
				PRODUCT_NAME = "$(TARGET_NAME)";
				SWIFT_EMIT_LOC_STRINGS = YES;
				SWIFT_VERSION = 5.0;
				TARGETED_DEVICE_FAMILY = "1,2";
			};
			name = Debug;
		};
		732482D02AC4AC1200A0F6DD /* Release */ = {
			isa = XCBuildConfiguration;
			buildSettings = {
				ASSETCATALOG_COMPILER_APPICON_NAME = AppIcon;
				ASSETCATALOG_COMPILER_GLOBAL_ACCENT_COLOR_NAME = AccentColor;
				CODE_SIGN_STYLE = Automatic;
				CURRENT_PROJECT_VERSION = 1;
				DEVELOPMENT_ASSET_PATHS = "\"Hero/Preview Content\"";
				ENABLE_PREVIEWS = YES;
				GENERATE_INFOPLIST_FILE = YES;
				INFOPLIST_KEY_UIApplicationSceneManifest_Generation = YES;
				INFOPLIST_KEY_UIApplicationSupportsIndirectInputEvents = YES;
				INFOPLIST_KEY_UILaunchScreen_Generation = YES;
				INFOPLIST_KEY_UISupportedInterfaceOrientations_iPad = "UIInterfaceOrientationPortrait UIInterfaceOrientationPortraitUpsideDown UIInterfaceOrientationLandscapeLeft UIInterfaceOrientationLandscapeRight";
				INFOPLIST_KEY_UISupportedInterfaceOrientations_iPhone = "UIInterfaceOrientationPortrait UIInterfaceOrientationLandscapeLeft UIInterfaceOrientationLandscapeRight";
				LD_RUNPATH_SEARCH_PATHS = (
					"$(inherited)",
					"@executable_path/Frameworks",
				);
				MARKETING_VERSION = 1.0;
				PRODUCT_BUNDLE_IDENTIFIER = io.yusufcansglm.Hero;
				PRODUCT_NAME = "$(TARGET_NAME)";
				SWIFT_EMIT_LOC_STRINGS = YES;
				SWIFT_VERSION = 5.0;
				TARGETED_DEVICE_FAMILY = "1,2";
			};
			name = Release;
		};
/* End XCBuildConfiguration section */

/* Begin XCConfigurationList section */
		732482BB2AC4AC1000A0F6DD /* Build configuration list for PBXProject "Hero" */ = {
			isa = XCConfigurationList;
			buildConfigurations = (
				732482CC2AC4AC1200A0F6DD /* Debug */,
				732482CD2AC4AC1200A0F6DD /* Release */,
			);
			defaultConfigurationIsVisible = 0;
			defaultConfigurationName = Release;
		};
		732482CE2AC4AC1200A0F6DD /* Build configuration list for PBXNativeTarget "Hero" */ = {
			isa = XCConfigurationList;
			buildConfigurations = (
				732482CF2AC4AC1200A0F6DD /* Debug */,
				732482D02AC4AC1200A0F6DD /* Release */,
			);
			defaultConfigurationIsVisible = 0;
			defaultConfigurationName = Release;
		};
/* End XCConfigurationList section */

/* Begin XCRemoteSwiftPackageReference section */
		732482D12AC4ACD900A0F6DD /* XCRemoteSwiftPackageReference "rive-ios" */ = {
			isa = XCRemoteSwiftPackageReference;
			repositoryURL = "https://github.com/rive-app/rive-ios";
			requirement = {
				kind = upToNextMajorVersion;
				minimumVersion = 5.0.0;
			};
		};
/* End XCRemoteSwiftPackageReference section */

/* Begin XCSwiftPackageProductDependency section */
		732482D22AC4ACD900A0F6DD /* RiveRuntime */ = {
			isa = XCSwiftPackageProductDependency;
			package = 732482D12AC4ACD900A0F6DD /* XCRemoteSwiftPackageReference "rive-ios" */;
			productName = RiveRuntime;
		};
/* End XCSwiftPackageProductDependency section */
	};
	rootObject = 732482B82AC4AC1000A0F6DD /* Project object */;
}
